{
    "version": 4,
    "terraform_version": "0.15.3",
    "serial": 8,
    "lineage": "d90c1252-c8ee-8a1d-9e34-42f102906d0e",
    "outputs": {},
    "resources": [
      {
        "mode": "managed",
        "type": "azurerm_network_interface",
        "name": "nicprod0191c",
        "provider": "provider[\"registry.terraform.io/hashicorp/azurerm\"]",
        "instances": [
          {
            "schema_version": 0,
            "attributes": {
              "applied_dns_servers": [],
              "dns_servers": [],
              "enable_accelerated_networking": false,
              "enable_ip_forwarding": false,
              "id": "/subscriptions/ed223ecd-b37b-40f8-91e0-3700864c3759/resourceGroups/my_terraform_CentOS_rg/providers/Microsoft.Network/networkInterfaces/nicprod0191c",
              "internal_dns_name_label": "",
              "internal_domain_name_suffix": "myuhw4qc0jaujfchpyhzxglfoa.ax.internal.cloudapp.net",
              "ip_configuration": [
                {
                  "name": "myNicConfiguration1",
                  "primary": true,
                  "private_ip_address": "10.0.1.6",
                  "private_ip_address_allocation": "Dynamic",
                  "private_ip_address_version": "IPv4",
                  "public_ip_address_id": "/subscriptions/ed223ecd-b37b-40f8-91e0-3700864c3759/resourceGroups/my_terraform_CentOS_rg/providers/Microsoft.Network/publicIPAddresses/publicip0191c",
                  "subnet_id": "/subscriptions/ed223ecd-b37b-40f8-91e0-3700864c3759/resourceGroups/my_terraform_CentOS_rg/providers/Microsoft.Network/virtualNetworks/vnetprod019/subnets/subnet019"
                }
              ],
              "location": "westeurope",
              "mac_address": "00-22-48-80-E8-1E",
              "name": "nicprod0191c",
              "private_ip_address": "10.0.1.6",
              "private_ip_addresses": [
                "10.0.1.6"
              ],
              "resource_group_name": "my_terraform_CentOS_rg",
              "tags": {
                "environment": "production"
              },
              "timeouts": {
                "create": null,
                "delete": null,
                "read": null,
                "update": null
              },
              "virtual_machine_id": "/subscriptions/ed223ecd-b37b-40f8-91e0-3700864c3759/resourceGroups/my_terraform_CentOS_rg/providers/Microsoft.Compute/virtualMachines/linuxvm0191c"
            },
            "sensitive_attributes": [],
            "private": "eyJlMmJmYjczMC1lY2FhLTExZTYtOGY4OC0zNDM2M2JjN2M0YzAiOnsiY3JlYXRlIjoxODAwMDAwMDAwMDAwLCJkZWxldGUiOjE4MDAwMDAwMDAwMDAsInJlYWQiOjMwMDAwMDAwMDAwMCwidXBkYXRlIjoxODAwMDAwMDAwMDAwfSwic2NoZW1hX3ZlcnNpb24iOiIwIn0="
          }
        ]
      },
      {
        "mode": "managed",
        "type": "azurerm_network_interface",
        "name": "nicprod0192c",
        "provider": "provider[\"registry.terraform.io/hashicorp/azurerm\"]",
        "instances": [
          {
            "schema_version": 0,
            "attributes": {
              "applied_dns_servers": [],
              "dns_servers": [],
              "enable_accelerated_networking": false,
              "enable_ip_forwarding": false,
              "id": "/subscriptions/ed223ecd-b37b-40f8-91e0-3700864c3759/resourceGroups/my_terraform_CentOS_rg/providers/Microsoft.Network/networkInterfaces/nicprod0192c",
              "internal_dns_name_label": "",
              "internal_domain_name_suffix": "myuhw4qc0jaujfchpyhzxglfoa.ax.internal.cloudapp.net",
              "ip_configuration": [
                {
                  "name": "myNicConfiguration2",
                  "primary": true,
                  "private_ip_address": "10.0.1.5",
                  "private_ip_address_allocation": "Dynamic",
                  "private_ip_address_version": "IPv4",
                  "public_ip_address_id": "/subscriptions/ed223ecd-b37b-40f8-91e0-3700864c3759/resourceGroups/my_terraform_CentOS_rg/providers/Microsoft.Network/publicIPAddresses/publicip0192c",
                  "subnet_id": "/subscriptions/ed223ecd-b37b-40f8-91e0-3700864c3759/resourceGroups/my_terraform_CentOS_rg/providers/Microsoft.Network/virtualNetworks/vnetprod019/subnets/subnet019"
                }
              ],
              "location": "westeurope",
              "mac_address": "00-22-48-80-ED-FB",
              "name": "nicprod0192c",
              "private_ip_address": "10.0.1.5",
              "private_ip_addresses": [
                "10.0.1.5"
              ],
              "resource_group_name": "my_terraform_CentOS_rg",
              "tags": {
                "environment": "production"
              },
              "timeouts": {
                "create": null,
                "delete": null,
                "read": null,
                "update": null
              },
              "virtual_machine_id": "/subscriptions/ed223ecd-b37b-40f8-91e0-3700864c3759/resourceGroups/my_terraform_CentOS_rg/providers/Microsoft.Compute/virtualMachines/linuxvm0192c"
            },
            "sensitive_attributes": [],
            "private": "eyJlMmJmYjczMC1lY2FhLTExZTYtOGY4OC0zNDM2M2JjN2M0YzAiOnsiY3JlYXRlIjoxODAwMDAwMDAwMDAwLCJkZWxldGUiOjE4MDAwMDAwMDAwMDAsInJlYWQiOjMwMDAwMDAwMDAwMCwidXBkYXRlIjoxODAwMDAwMDAwMDAwfSwic2NoZW1hX3ZlcnNpb24iOiIwIn0="
          }
        ]
      },
      {
        "mode": "managed",
        "type": "azurerm_network_interface",
        "name": "nicprod019c",
        "provider": "provider[\"registry.terraform.io/hashicorp/azurerm\"]",
        "instances": [
          {
            "schema_version": 0,
            "attributes": {
              "applied_dns_servers": [],
              "dns_servers": [],
              "enable_accelerated_networking": false,
              "enable_ip_forwarding": false,
              "id": "/subscriptions/ed223ecd-b37b-40f8-91e0-3700864c3759/resourceGroups/my_terraform_CentOS_rg/providers/Microsoft.Network/networkInterfaces/nicprod019c",
              "internal_dns_name_label": "",
              "internal_domain_name_suffix": "myuhw4qc0jaujfchpyhzxglfoa.ax.internal.cloudapp.net",
              "ip_configuration": [
                {
                  "name": "myNicConfiguration",
                  "primary": true,
                  "private_ip_address": "10.0.1.4",
                  "private_ip_address_allocation": "Dynamic",
                  "private_ip_address_version": "IPv4",
                  "public_ip_address_id": "/subscriptions/ed223ecd-b37b-40f8-91e0-3700864c3759/resourceGroups/my_terraform_CentOS_rg/providers/Microsoft.Network/publicIPAddresses/publicip019c",
                  "subnet_id": "/subscriptions/ed223ecd-b37b-40f8-91e0-3700864c3759/resourceGroups/my_terraform_CentOS_rg/providers/Microsoft.Network/virtualNetworks/vnetprod019/subnets/subnet019"
                }
              ],
              "location": "westeurope",
              "mac_address": "00-0D-3A-AF-F9-D5",
              "name": "nicprod019c",
              "private_ip_address": "10.0.1.4",
              "private_ip_addresses": [
                "10.0.1.4"
              ],
              "resource_group_name": "my_terraform_CentOS_rg",
              "tags": {
                "environment": "production"
              },
              "timeouts": {
                "create": null,
                "delete": null,
                "read": null,
                "update": null
              },
              "virtual_machine_id": "/subscriptions/ed223ecd-b37b-40f8-91e0-3700864c3759/resourceGroups/my_terraform_CentOS_rg/providers/Microsoft.Compute/virtualMachines/linuxvm019c"
            },
            "sensitive_attributes": [],
            "private": "eyJlMmJmYjczMC1lY2FhLTExZTYtOGY4OC0zNDM2M2JjN2M0YzAiOnsiY3JlYXRlIjoxODAwMDAwMDAwMDAwLCJkZWxldGUiOjE4MDAwMDAwMDAwMDAsInJlYWQiOjMwMDAwMDAwMDAwMCwidXBkYXRlIjoxODAwMDAwMDAwMDAwfSwic2NoZW1hX3ZlcnNpb24iOiIwIn0="
          }
        ]
      },
      {
        "mode": "managed",
        "type": "azurerm_resource_group",
        "name": "rg",
        "provider": "provider[\"registry.terraform.io/hashicorp/azurerm\"]",
        "instances": [
          {
            "schema_version": 0,
            "attributes": {
              "id": "/subscriptions/ed223ecd-b37b-40f8-91e0-3700864c3759/resourceGroups/terraform-ansible-kubernetes",
              "location": "eastus",
              "name": "terraform-ansible-kubernetes",
              "tags": {},
              "timeouts": {
                "create": null,
                "delete": null,
                "read": null,
                "update": null
              }
            },
            "sensitive_attributes": [],
            "private": "eyJlMmJmYjczMC1lY2FhLTExZTYtOGY4OC0zNDM2M2JjN2M0YzAiOnsiY3JlYXRlIjo1NDAwMDAwMDAwMDAwLCJkZWxldGUiOjU0MDAwMDAwMDAwMDAsInJlYWQiOjMwMDAwMDAwMDAwMCwidXBkYXRlIjo1NDAwMDAwMDAwMDAwfSwic2NoZW1hX3ZlcnNpb24iOiIwIn0="
          }
        ]
      },
      {
        "mode": "managed",
        "type": "azurerm_resource_group",
        "name": "tak",
        "provider": "provider[\"registry.terraform.io/hashicorp/azurerm\"]",
        "instances": [
          {
            "schema_version": 0,
            "attributes": {
              "id": "/subscriptions/ed223ecd-b37b-40f8-91e0-3700864c3759/resourceGroups/my_terraform_CentOS_rg",
              "location": "westeurope",
              "name": "my_terraform_CentOS_rg",
              "tags": {
                "environment": "production"
              },
              "timeouts": {
                "create": null,
                "delete": null,
                "read": null,
                "update": null
              }
            },
            "sensitive_attributes": [],
            "private": "eyJlMmJmYjczMC1lY2FhLTExZTYtOGY4OC0zNDM2M2JjN2M0YzAiOnsiY3JlYXRlIjo1NDAwMDAwMDAwMDAwLCJkZWxldGUiOjU0MDAwMDAwMDAwMDAsInJlYWQiOjMwMDAwMDAwMDAwMCwidXBkYXRlIjo1NDAwMDAwMDAwMDAwfSwic2NoZW1hX3ZlcnNpb24iOiIwIn0="
          }
        ]
      },
      {
        "mode": "managed",
        "type": "azurerm_subnet",
        "name": "subnet019",
        "provider": "provider[\"registry.terraform.io/hashicorp/azurerm\"]",
        "instances": [
          {
            "schema_version": 0,
            "attributes": {
              "address_prefix": "10.0.1.0/24",
              "address_prefixes": [
                "10.0.1.0/24"
              ],
              "delegation": [],
              "enforce_private_link_endpoint_network_policies": false,
              "enforce_private_link_service_network_policies": false,
              "id": "/subscriptions/ed223ecd-b37b-40f8-91e0-3700864c3759/resourceGroups/my_terraform_CentOS_rg/providers/Microsoft.Network/virtualNetworks/vnetprod019/subnets/subnet019",
              "name": "subnet019",
              "resource_group_name": "my_terraform_CentOS_rg",
              "service_endpoint_policy_ids": [],
              "service_endpoints": [],
              "timeouts": {
                "create": null,
                "delete": null,
                "read": null,
                "update": null
              },
              "virtual_network_name": "vnetprod019"
            },
            "sensitive_attributes": [],
            "private": "eyJlMmJmYjczMC1lY2FhLTExZTYtOGY4OC0zNDM2M2JjN2M0YzAiOnsiY3JlYXRlIjoxODAwMDAwMDAwMDAwLCJkZWxldGUiOjE4MDAwMDAwMDAwMDAsInJlYWQiOjMwMDAwMDAwMDAwMCwidXBkYXRlIjoxODAwMDAwMDAwMDAwfSwic2NoZW1hX3ZlcnNpb24iOiIwIn0="
          }
        ]
      },
      {
        "mode": "managed",
        "type": "azurerm_virtual_network",
        "name": "vnetprod019",
        "provider": "provider[\"registry.terraform.io/hashicorp/azurerm\"]",
        "instances": [
          {
            "schema_version": 0,
            "attributes": {
              "address_space": [
                "10.0.0.0/16"
              ],
              "bgp_community": "",
              "ddos_protection_plan": [],
              "dns_servers": [],
              "guid": "7a7b2866-d202-4441-9447-7e0f9b996570",
              "id": "/subscriptions/ed223ecd-b37b-40f8-91e0-3700864c3759/resourceGroups/my_terraform_CentOS_rg/providers/Microsoft.Network/virtualNetworks/vnetprod019",
              "location": "westeurope",
              "name": "vnetprod019",
              "resource_group_name": "my_terraform_CentOS_rg",
              "subnet": [
                {
                  "address_prefix": "10.0.1.0/24",
                  "id": "/subscriptions/ed223ecd-b37b-40f8-91e0-3700864c3759/resourceGroups/my_terraform_CentOS_rg/providers/Microsoft.Network/virtualNetworks/vnetprod019/subnets/subnet019",
                  "name": "subnet019",
                  "security_group": ""
                }
              ],
              "tags": {
                "environment": "production"
              },
              "timeouts": {
                "create": null,
                "delete": null,
                "read": null,
                "update": null
              },
              "vm_protection_enabled": false
            },
            "sensitive_attributes": [],
            "private": "eyJlMmJmYjczMC1lY2FhLTExZTYtOGY4OC0zNDM2M2JjN2M0YzAiOnsiY3JlYXRlIjoxODAwMDAwMDAwMDAwLCJkZWxldGUiOjE4MDAwMDAwMDAwMDAsInJlYWQiOjMwMDAwMDAwMDAwMCwidXBkYXRlIjoxODAwMDAwMDAwMDAwfSwic2NoZW1hX3ZlcnNpb24iOiIwIn0="
          }
        ]
      }
    ]
  }