{
  "version": 4,
  "terraform_version": "0.15.3",
  "serial": 72,
  "lineage": "d90c1252-c8ee-8a1d-9e34-42f102906d0e",
  "outputs": {},
  "resources": [
    {
      "mode": "managed",
      "type": "azurerm_linux_virtual_machine",
      "name": "linuxvm0191c",
      "provider": "provider[\"registry.terraform.io/hashicorp/azurerm\"]",
      "instances": [
        {
          "schema_version": 0,
          "attributes": {
            "additional_capabilities": [],
            "admin_password": "ignored-as-imported",
            "admin_ssh_key": [],
            "admin_username": "ndricimdanaj",
            "allow_extension_operations": true,
            "availability_set_id": "",
            "boot_diagnostics": [
              {
                "storage_account_uri": "https://alt12345678c.blob.core.windows.net/"
              }
            ],
            "computer_name": "myvm1",
            "custom_data": null,
            "dedicated_host_id": "",
            "disable_password_authentication": false,
            "encryption_at_host_enabled": false,
            "eviction_policy": "",
            "extensions_time_budget": "PT1H30M",
            "id": "/subscriptions/ed223ecd-b37b-40f8-91e0-3700864c3759/resourceGroups/MY_TERRAFORM_CENTOS_RG/providers/Microsoft.Compute/virtualMachines/linuxvm0191c",
            "identity": [],
            "license_type": "",
            "location": "westeurope",
            "max_bid_price": -1,
            "name": "linuxvm0191c",
            "network_interface_ids": [
              "/subscriptions/ed223ecd-b37b-40f8-91e0-3700864c3759/resourceGroups/my_terraform_CentOS_rg/providers/Microsoft.Network/networkInterfaces/nicprod0191c"
            ],
            "os_disk": [
              {
                "caching": "ReadWrite",
                "diff_disk_settings": [],
                "disk_encryption_set_id": "",
                "disk_size_gb": 30,
                "name": "myOsDisk1",
                "storage_account_type": "Premium_LRS",
                "write_accelerator_enabled": false
              }
            ],
            "plan": [],
            "platform_fault_domain": -1,
            "priority": "Regular",
            "private_ip_address": "10.0.1.6",
            "private_ip_addresses": [
              "10.0.1.6"
            ],
            "provision_vm_agent": true,
            "proximity_placement_group_id": "",
            "public_ip_address": "13.73.184.45",
            "public_ip_addresses": [
              "13.73.184.45"
            ],
            "resource_group_name": "MY_TERRAFORM_CENTOS_RG",
            "secret": [],
            "size": "Standard_DS1_v2",
            "source_image_id": "",
            "source_image_reference": [
              {
                "offer": "CentOS",
                "publisher": "OpenLogic",
                "sku": "7.5",
                "version": "latest"
              }
            ],
            "tags": {
              "environment": "production"
            },
            "timeouts": {
              "create": null,
              "delete": null,
              "read": null,
              "update": null
            },
            "virtual_machine_id": "0f0947c1-0072-446d-8a41-39fb7b3f0040",
            "virtual_machine_scale_set_id": "",
            "zone": ""
          },
          "sensitive_attributes": [],
          "private": "eyJlMmJmYjczMC1lY2FhLTExZTYtOGY4OC0zNDM2M2JjN2M0YzAiOnsiY3JlYXRlIjoyNzAwMDAwMDAwMDAwLCJkZWxldGUiOjI3MDAwMDAwMDAwMDAsInJlYWQiOjMwMDAwMDAwMDAwMCwidXBkYXRlIjoyNzAwMDAwMDAwMDAwfSwic2NoZW1hX3ZlcnNpb24iOiIwIn0=",
          "dependencies": [
            "azurerm_network_interface.nicprod0191c",
            "azurerm_public_ip.publicip0191c",
            "azurerm_resource_group.tak",
            "azurerm_storage_account.storage1",
            "azurerm_subnet.subnet019",
            "azurerm_virtual_network.vnetprod019"
          ]
        }
      ]
    },
    {
      "mode": "managed",
      "type": "azurerm_linux_virtual_machine",
      "name": "linuxvm0192c",
      "provider": "provider[\"registry.terraform.io/hashicorp/azurerm\"]",
      "instances": [
        {
          "schema_version": 0,
          "attributes": {
            "additional_capabilities": [],
            "admin_password": "ignored-as-imported",
            "admin_ssh_key": [],
            "admin_username": "ndricimdanaj",
            "allow_extension_operations": true,
            "availability_set_id": "",
            "boot_diagnostics": [
              {
                "storage_account_uri": "https://alt123456782c.blob.core.windows.net/"
              }
            ],
            "computer_name": "myvm2",
            "custom_data": null,
            "dedicated_host_id": "",
            "disable_password_authentication": false,
            "encryption_at_host_enabled": false,
            "eviction_policy": "",
            "extensions_time_budget": "PT1H30M",
            "id": "/subscriptions/ed223ecd-b37b-40f8-91e0-3700864c3759/resourceGroups/MY_TERRAFORM_CENTOS_RG/providers/Microsoft.Compute/virtualMachines/linuxvm0192c",
            "identity": [],
            "license_type": "",
            "location": "westeurope",
            "max_bid_price": -1,
            "name": "linuxvm0192c",
            "network_interface_ids": [
              "/subscriptions/ed223ecd-b37b-40f8-91e0-3700864c3759/resourceGroups/my_terraform_CentOS_rg/providers/Microsoft.Network/networkInterfaces/nicprod0192c"
            ],
            "os_disk": [
              {
                "caching": "ReadWrite",
                "diff_disk_settings": [],
                "disk_encryption_set_id": "",
                "disk_size_gb": 30,
                "name": "myOsDisk2",
                "storage_account_type": "Premium_LRS",
                "write_accelerator_enabled": false
              }
            ],
            "plan": [],
            "platform_fault_domain": -1,
            "priority": "Regular",
            "private_ip_address": "10.0.1.5",
            "private_ip_addresses": [
              "10.0.1.5"
            ],
            "provision_vm_agent": true,
            "proximity_placement_group_id": "",
            "public_ip_address": "13.73.184.42",
            "public_ip_addresses": [
              "13.73.184.42"
            ],
            "resource_group_name": "MY_TERRAFORM_CENTOS_RG",
            "secret": [],
            "size": "Standard_DS1_v2",
            "source_image_id": "",
            "source_image_reference": [
              {
                "offer": "CentOS",
                "publisher": "OpenLogic",
                "sku": "7.5",
                "version": "latest"
              }
            ],
            "tags": {
              "environment": "production"
            },
            "timeouts": {
              "create": null,
              "delete": null,
              "read": null,
              "update": null
            },
            "virtual_machine_id": "ea677d8d-857a-4bfb-b914-3a735ac3fc87",
            "virtual_machine_scale_set_id": "",
            "zone": ""
          },
          "sensitive_attributes": [],
          "private": "eyJlMmJmYjczMC1lY2FhLTExZTYtOGY4OC0zNDM2M2JjN2M0YzAiOnsiY3JlYXRlIjoyNzAwMDAwMDAwMDAwLCJkZWxldGUiOjI3MDAwMDAwMDAwMDAsInJlYWQiOjMwMDAwMDAwMDAwMCwidXBkYXRlIjoyNzAwMDAwMDAwMDAwfSwic2NoZW1hX3ZlcnNpb24iOiIwIn0=",
          "dependencies": [
            "azurerm_storage_account.storage2",
            "azurerm_subnet.subnet019",
            "azurerm_virtual_network.vnetprod019",
            "azurerm_network_interface.nicprod0192c",
            "azurerm_public_ip.publicip0192c",
            "azurerm_resource_group.tak"
          ]
        }
      ]
    },
    {
      "mode": "managed",
      "type": "azurerm_linux_virtual_machine",
      "name": "linuxvm019c",
      "provider": "provider[\"registry.terraform.io/hashicorp/azurerm\"]",
      "instances": [
        {
          "schema_version": 0,
          "attributes": {
            "additional_capabilities": [],
            "admin_password": "ignored-as-imported",
            "admin_ssh_key": [],
            "admin_username": "ndricimdanaj",
            "allow_extension_operations": true,
            "availability_set_id": "",
            "boot_diagnostics": [
              {
                "storage_account_uri": "https://diag36c9ea47765b022d.blob.core.windows.net/"
              }
            ],
            "computer_name": "myvm",
            "custom_data": null,
            "dedicated_host_id": "",
            "disable_password_authentication": false,
            "encryption_at_host_enabled": false,
            "eviction_policy": "",
            "extensions_time_budget": "PT1H30M",
            "id": "/subscriptions/ed223ecd-b37b-40f8-91e0-3700864c3759/resourceGroups/my_terraform_CentOS_rg/providers/Microsoft.Compute/virtualMachines/linuxvm019c",
            "identity": [],
            "license_type": "",
            "location": "westeurope",
            "max_bid_price": -1,
            "name": "linuxvm019c",
            "network_interface_ids": [
              "/subscriptions/ed223ecd-b37b-40f8-91e0-3700864c3759/resourceGroups/my_terraform_CentOS_rg/providers/Microsoft.Network/networkInterfaces/nicprod019c"
            ],
            "os_disk": [
              {
                "caching": "ReadWrite",
                "diff_disk_settings": [],
                "disk_encryption_set_id": "",
                "disk_size_gb": 30,
                "name": "myOsDisk",
                "storage_account_type": "Premium_LRS",
                "write_accelerator_enabled": false
              }
            ],
            "plan": [],
            "platform_fault_domain": -1,
            "priority": "Regular",
            "private_ip_address": "10.0.1.4",
            "private_ip_addresses": [
              "10.0.1.4"
            ],
            "provision_vm_agent": true,
            "proximity_placement_group_id": "",
            "public_ip_address": "13.81.26.46",
            "public_ip_addresses": [
              "13.81.26.46"
            ],
            "resource_group_name": "my_terraform_CentOS_rg",
            "secret": [],
            "size": "Standard_D2s_v3",
            "source_image_id": "",
            "source_image_reference": [
              {
                "offer": "CentOS",
                "publisher": "OpenLogic",
                "sku": "7.5",
                "version": "latest"
              }
            ],
            "tags": {
              "environment": "production"
            },
            "timeouts": {
              "create": null,
              "delete": null,
              "read": null,
              "update": null
            },
            "virtual_machine_id": "e33e244f-69e2-4252-b991-a516acbcad19",
            "virtual_machine_scale_set_id": "",
            "zone": ""
          },
          "sensitive_attributes": [],
          "private": "eyJlMmJmYjczMC1lY2FhLTExZTYtOGY4OC0zNDM2M2JjN2M0YzAiOnsiY3JlYXRlIjoyNzAwMDAwMDAwMDAwLCJkZWxldGUiOjI3MDAwMDAwMDAwMDAsInJlYWQiOjMwMDAwMDAwMDAwMCwidXBkYXRlIjoyNzAwMDAwMDAwMDAwfSwic2NoZW1hX3ZlcnNpb24iOiIwIn0=",
          "dependencies": [
            "azurerm_network_interface.nicprod019c",
            "azurerm_public_ip.publicip019c",
            "azurerm_resource_group.tak",
            "azurerm_storage_account.storage",
            "azurerm_subnet.subnet019",
            "azurerm_virtual_network.vnetprod019"
          ]
        }
      ]
    },
    {
      "mode": "managed",
      "type": "azurerm_network_interface",
      "name": "nicprod0191c",
      "provider": "provider[\"registry.terraform.io/hashicorp/azurerm\"]",
      "instances": [
        {
          "schema_version": 0,
          "attributes": {
            "applied_dns_servers": [],
            "dns_servers": [],
            "enable_accelerated_networking": false,
            "enable_ip_forwarding": false,
            "id": "/subscriptions/ed223ecd-b37b-40f8-91e0-3700864c3759/resourceGroups/my_terraform_CentOS_rg/providers/Microsoft.Network/networkInterfaces/nicprod0191c",
            "internal_dns_name_label": "",
            "internal_domain_name_suffix": "myuhw4qc0jaujfchpyhzxglfoa.ax.internal.cloudapp.net",
            "ip_configuration": [
              {
                "name": "myNicConfiguration1",
                "primary": true,
                "private_ip_address": "10.0.1.6",
                "private_ip_address_allocation": "Dynamic",
                "private_ip_address_version": "IPv4",
                "public_ip_address_id": "/subscriptions/ed223ecd-b37b-40f8-91e0-3700864c3759/resourceGroups/my_terraform_CentOS_rg/providers/Microsoft.Network/publicIPAddresses/publicip0191c",
                "subnet_id": "/subscriptions/ed223ecd-b37b-40f8-91e0-3700864c3759/resourceGroups/my_terraform_CentOS_rg/providers/Microsoft.Network/virtualNetworks/vnetprod019/subnets/subnet019"
              }
            ],
            "location": "westeurope",
            "mac_address": "00-22-48-80-E8-1E",
            "name": "nicprod0191c",
            "private_ip_address": "10.0.1.6",
            "private_ip_addresses": [
              "10.0.1.6"
            ],
            "resource_group_name": "my_terraform_CentOS_rg",
            "tags": {
              "environment": "production"
            },
            "timeouts": {
              "create": null,
              "delete": null,
              "read": null,
              "update": null
            },
            "virtual_machine_id": "/subscriptions/ed223ecd-b37b-40f8-91e0-3700864c3759/resourceGroups/my_terraform_CentOS_rg/providers/Microsoft.Compute/virtualMachines/linuxvm0191c"
          },
          "sensitive_attributes": [],
          "private": "eyJlMmJmYjczMC1lY2FhLTExZTYtOGY4OC0zNDM2M2JjN2M0YzAiOnsiY3JlYXRlIjoxODAwMDAwMDAwMDAwLCJkZWxldGUiOjE4MDAwMDAwMDAwMDAsInJlYWQiOjMwMDAwMDAwMDAwMCwidXBkYXRlIjoxODAwMDAwMDAwMDAwfSwic2NoZW1hX3ZlcnNpb24iOiIwIn0=",
          "dependencies": [
            "azurerm_resource_group.tak",
            "azurerm_subnet.subnet019",
            "azurerm_virtual_network.vnetprod019",
            "azurerm_public_ip.publicip0191c"
          ]
        }
      ]
    },
    {
      "mode": "managed",
      "type": "azurerm_network_interface",
      "name": "nicprod0192c",
      "provider": "provider[\"registry.terraform.io/hashicorp/azurerm\"]",
      "instances": [
        {
          "schema_version": 0,
          "attributes": {
            "applied_dns_servers": [],
            "dns_servers": [],
            "enable_accelerated_networking": false,
            "enable_ip_forwarding": false,
            "id": "/subscriptions/ed223ecd-b37b-40f8-91e0-3700864c3759/resourceGroups/my_terraform_CentOS_rg/providers/Microsoft.Network/networkInterfaces/nicprod0192c",
            "internal_dns_name_label": "",
            "internal_domain_name_suffix": "myuhw4qc0jaujfchpyhzxglfoa.ax.internal.cloudapp.net",
            "ip_configuration": [
              {
                "name": "myNicConfiguration2",
                "primary": true,
                "private_ip_address": "10.0.1.5",
                "private_ip_address_allocation": "Dynamic",
                "private_ip_address_version": "IPv4",
                "public_ip_address_id": "/subscriptions/ed223ecd-b37b-40f8-91e0-3700864c3759/resourceGroups/my_terraform_CentOS_rg/providers/Microsoft.Network/publicIPAddresses/publicip0192c",
                "subnet_id": "/subscriptions/ed223ecd-b37b-40f8-91e0-3700864c3759/resourceGroups/my_terraform_CentOS_rg/providers/Microsoft.Network/virtualNetworks/vnetprod019/subnets/subnet019"
              }
            ],
            "location": "westeurope",
            "mac_address": "00-22-48-80-ED-FB",
            "name": "nicprod0192c",
            "private_ip_address": "10.0.1.5",
            "private_ip_addresses": [
              "10.0.1.5"
            ],
            "resource_group_name": "my_terraform_CentOS_rg",
            "tags": {
              "environment": "production"
            },
            "timeouts": {
              "create": null,
              "delete": null,
              "read": null,
              "update": null
            },
            "virtual_machine_id": "/subscriptions/ed223ecd-b37b-40f8-91e0-3700864c3759/resourceGroups/my_terraform_CentOS_rg/providers/Microsoft.Compute/virtualMachines/linuxvm0192c"
          },
          "sensitive_attributes": [],
          "private": "eyJlMmJmYjczMC1lY2FhLTExZTYtOGY4OC0zNDM2M2JjN2M0YzAiOnsiY3JlYXRlIjoxODAwMDAwMDAwMDAwLCJkZWxldGUiOjE4MDAwMDAwMDAwMDAsInJlYWQiOjMwMDAwMDAwMDAwMCwidXBkYXRlIjoxODAwMDAwMDAwMDAwfSwic2NoZW1hX3ZlcnNpb24iOiIwIn0=",
          "dependencies": [
            "azurerm_subnet.subnet019",
            "azurerm_virtual_network.vnetprod019",
            "azurerm_public_ip.publicip0192c",
            "azurerm_resource_group.tak"
          ]
        }
      ]
    },
    {
      "mode": "managed",
      "type": "azurerm_network_interface",
      "name": "nicprod019c",
      "provider": "provider[\"registry.terraform.io/hashicorp/azurerm\"]",
      "instances": [
        {
          "schema_version": 0,
          "attributes": {
            "applied_dns_servers": [],
            "dns_servers": [],
            "enable_accelerated_networking": false,
            "enable_ip_forwarding": false,
            "id": "/subscriptions/ed223ecd-b37b-40f8-91e0-3700864c3759/resourceGroups/my_terraform_CentOS_rg/providers/Microsoft.Network/networkInterfaces/nicprod019c",
            "internal_dns_name_label": "",
            "internal_domain_name_suffix": "myuhw4qc0jaujfchpyhzxglfoa.ax.internal.cloudapp.net",
            "ip_configuration": [
              {
                "name": "myNicConfiguration",
                "primary": true,
                "private_ip_address": "10.0.1.4",
                "private_ip_address_allocation": "Dynamic",
                "private_ip_address_version": "IPv4",
                "public_ip_address_id": "/subscriptions/ed223ecd-b37b-40f8-91e0-3700864c3759/resourceGroups/my_terraform_CentOS_rg/providers/Microsoft.Network/publicIPAddresses/publicip019c",
                "subnet_id": "/subscriptions/ed223ecd-b37b-40f8-91e0-3700864c3759/resourceGroups/my_terraform_CentOS_rg/providers/Microsoft.Network/virtualNetworks/vnetprod019/subnets/subnet019"
              }
            ],
            "location": "westeurope",
            "mac_address": "00-0D-3A-AF-F9-D5",
            "name": "nicprod019c",
            "private_ip_address": "10.0.1.4",
            "private_ip_addresses": [
              "10.0.1.4"
            ],
            "resource_group_name": "my_terraform_CentOS_rg",
            "tags": {
              "environment": "production"
            },
            "timeouts": {
              "create": null,
              "delete": null,
              "read": null,
              "update": null
            },
            "virtual_machine_id": "/subscriptions/ed223ecd-b37b-40f8-91e0-3700864c3759/resourceGroups/my_terraform_CentOS_rg/providers/Microsoft.Compute/virtualMachines/linuxvm019c"
          },
          "sensitive_attributes": [],
          "private": "eyJlMmJmYjczMC1lY2FhLTExZTYtOGY4OC0zNDM2M2JjN2M0YzAiOnsiY3JlYXRlIjoxODAwMDAwMDAwMDAwLCJkZWxldGUiOjE4MDAwMDAwMDAwMDAsInJlYWQiOjMwMDAwMDAwMDAwMCwidXBkYXRlIjoxODAwMDAwMDAwMDAwfSwic2NoZW1hX3ZlcnNpb24iOiIwIn0=",
          "dependencies": [
            "azurerm_public_ip.publicip019c",
            "azurerm_resource_group.tak",
            "azurerm_subnet.subnet019",
            "azurerm_virtual_network.vnetprod019"
          ]
        }
      ]
    },
    {
      "mode": "managed",
      "type": "azurerm_network_interface_security_group_association",
      "name": "association",
      "provider": "provider[\"registry.terraform.io/hashicorp/azurerm\"]",
      "instances": [
        {
          "schema_version": 0,
          "attributes": {
            "id": "/subscriptions/ed223ecd-b37b-40f8-91e0-3700864c3759/resourceGroups/my_terraform_CentOS_rg/providers/Microsoft.Network/networkInterfaces/nicprod019c|/subscriptions/ed223ecd-b37b-40f8-91e0-3700864c3759/resourceGroups/my_terraform_CentOS_rg/providers/Microsoft.Network/networkSecurityGroups/nsgprod019",
            "network_interface_id": "/subscriptions/ed223ecd-b37b-40f8-91e0-3700864c3759/resourceGroups/my_terraform_CentOS_rg/providers/Microsoft.Network/networkInterfaces/nicprod019c",
            "network_security_group_id": "/subscriptions/ed223ecd-b37b-40f8-91e0-3700864c3759/resourceGroups/my_terraform_CentOS_rg/providers/Microsoft.Network/networkSecurityGroups/nsgprod019",
            "timeouts": null
          },
          "sensitive_attributes": [],
          "private": "eyJlMmJmYjczMC1lY2FhLTExZTYtOGY4OC0zNDM2M2JjN2M0YzAiOnsiY3JlYXRlIjoxODAwMDAwMDAwMDAwLCJkZWxldGUiOjE4MDAwMDAwMDAwMDAsInJlYWQiOjMwMDAwMDAwMDAwMCwidXBkYXRlIjoxODAwMDAwMDAwMDAwfX0=",
          "dependencies": [
            "azurerm_virtual_network.vnetprod019",
            "azurerm_network_interface.nicprod019c",
            "azurerm_network_security_group.nsgprod019",
            "azurerm_public_ip.publicip019c",
            "azurerm_resource_group.tak",
            "azurerm_subnet.subnet019"
          ]
        }
      ]
    },
    {
      "mode": "managed",
      "type": "azurerm_network_interface_security_group_association",
      "name": "association1",
      "provider": "provider[\"registry.terraform.io/hashicorp/azurerm\"]",
      "instances": [
        {
          "schema_version": 0,
          "attributes": {
            "id": "/subscriptions/ed223ecd-b37b-40f8-91e0-3700864c3759/resourceGroups/my_terraform_CentOS_rg/providers/Microsoft.Network/networkInterfaces/nicprod0192c|/subscriptions/ed223ecd-b37b-40f8-91e0-3700864c3759/resourceGroups/my_terraform_CentOS_rg/providers/Microsoft.Network/networkSecurityGroups/nsgprod019",
            "network_interface_id": "/subscriptions/ed223ecd-b37b-40f8-91e0-3700864c3759/resourceGroups/my_terraform_CentOS_rg/providers/Microsoft.Network/networkInterfaces/nicprod0192c",
            "network_security_group_id": "/subscriptions/ed223ecd-b37b-40f8-91e0-3700864c3759/resourceGroups/my_terraform_CentOS_rg/providers/Microsoft.Network/networkSecurityGroups/nsgprod019",
            "timeouts": null
          },
          "sensitive_attributes": [],
          "private": "eyJlMmJmYjczMC1lY2FhLTExZTYtOGY4OC0zNDM2M2JjN2M0YzAiOnsiY3JlYXRlIjoxODAwMDAwMDAwMDAwLCJkZWxldGUiOjE4MDAwMDAwMDAwMDAsInJlYWQiOjMwMDAwMDAwMDAwMCwidXBkYXRlIjoxODAwMDAwMDAwMDAwfX0=",
          "dependencies": [
            "azurerm_virtual_network.vnetprod019",
            "azurerm_network_interface.nicprod0192c",
            "azurerm_network_security_group.nsgprod019",
            "azurerm_public_ip.publicip0192c",
            "azurerm_resource_group.tak",
            "azurerm_subnet.subnet019"
          ]
        }
      ]
    },
    {
      "mode": "managed",
      "type": "azurerm_network_interface_security_group_association",
      "name": "association2",
      "provider": "provider[\"registry.terraform.io/hashicorp/azurerm\"]",
      "instances": [
        {
          "schema_version": 0,
          "attributes": {
            "id": "/subscriptions/ed223ecd-b37b-40f8-91e0-3700864c3759/resourceGroups/my_terraform_CentOS_rg/providers/Microsoft.Network/networkInterfaces/nicprod0191c|/subscriptions/ed223ecd-b37b-40f8-91e0-3700864c3759/resourceGroups/my_terraform_CentOS_rg/providers/Microsoft.Network/networkSecurityGroups/nsgprod019",
            "network_interface_id": "/subscriptions/ed223ecd-b37b-40f8-91e0-3700864c3759/resourceGroups/my_terraform_CentOS_rg/providers/Microsoft.Network/networkInterfaces/nicprod0191c",
            "network_security_group_id": "/subscriptions/ed223ecd-b37b-40f8-91e0-3700864c3759/resourceGroups/my_terraform_CentOS_rg/providers/Microsoft.Network/networkSecurityGroups/nsgprod019",
            "timeouts": null
          },
          "sensitive_attributes": [],
          "private": "eyJlMmJmYjczMC1lY2FhLTExZTYtOGY4OC0zNDM2M2JjN2M0YzAiOnsiY3JlYXRlIjoxODAwMDAwMDAwMDAwLCJkZWxldGUiOjE4MDAwMDAwMDAwMDAsInJlYWQiOjMwMDAwMDAwMDAwMCwidXBkYXRlIjoxODAwMDAwMDAwMDAwfX0=",
          "dependencies": [
            "azurerm_resource_group.tak",
            "azurerm_subnet.subnet019",
            "azurerm_virtual_network.vnetprod019",
            "azurerm_network_interface.nicprod0191c",
            "azurerm_network_security_group.nsgprod019",
            "azurerm_public_ip.publicip0191c"
          ]
        }
      ]
    },
    {
      "mode": "managed",
      "type": "azurerm_network_security_group",
      "name": "nsgprod019",
      "provider": "provider[\"registry.terraform.io/hashicorp/azurerm\"]",
      "instances": [
        {
          "schema_version": 0,
          "attributes": {
            "id": "/subscriptions/ed223ecd-b37b-40f8-91e0-3700864c3759/resourceGroups/my_terraform_CentOS_rg/providers/Microsoft.Network/networkSecurityGroups/nsgprod019",
            "location": "westeurope",
            "name": "nsgprod019",
            "resource_group_name": "my_terraform_CentOS_rg",
            "security_rule": [
              {
                "access": "Allow",
                "description": "",
                "destination_address_prefix": "*",
                "destination_address_prefixes": [],
                "destination_application_security_group_ids": [],
                "destination_port_range": "22",
                "destination_port_ranges": [],
                "direction": "Inbound",
                "name": "SSH",
                "priority": 1001,
                "protocol": "Tcp",
                "source_address_prefix": "*",
                "source_address_prefixes": [],
                "source_application_security_group_ids": [],
                "source_port_range": "*",
                "source_port_ranges": []
              }
            ],
            "tags": {
              "environment": "production"
            },
            "timeouts": {
              "create": null,
              "delete": null,
              "read": null,
              "update": null
            }
          },
          "sensitive_attributes": [],
          "private": "eyJlMmJmYjczMC1lY2FhLTExZTYtOGY4OC0zNDM2M2JjN2M0YzAiOnsiY3JlYXRlIjoxODAwMDAwMDAwMDAwLCJkZWxldGUiOjE4MDAwMDAwMDAwMDAsInJlYWQiOjMwMDAwMDAwMDAwMCwidXBkYXRlIjoxODAwMDAwMDAwMDAwfSwic2NoZW1hX3ZlcnNpb24iOiIwIn0=",
          "dependencies": [
            "azurerm_resource_group.tak"
          ]
        }
      ]
    },
    {
      "mode": "managed",
      "type": "azurerm_public_ip",
      "name": "publicip0191c",
      "provider": "provider[\"registry.terraform.io/hashicorp/azurerm\"]",
      "instances": [
        {
          "schema_version": 0,
          "attributes": {
            "allocation_method": "Dynamic",
            "domain_name_label": null,
            "fqdn": null,
            "id": "/subscriptions/ed223ecd-b37b-40f8-91e0-3700864c3759/resourceGroups/my_terraform_CentOS_rg/providers/Microsoft.Network/publicIPAddresses/publicip0191c",
            "idle_timeout_in_minutes": 4,
            "ip_address": "13.73.184.45",
            "ip_tags": {},
            "ip_version": "IPv4",
            "location": "westeurope",
            "name": "publicip0191c",
            "public_ip_prefix_id": null,
            "resource_group_name": "my_terraform_CentOS_rg",
            "reverse_fqdn": null,
            "sku": "Basic",
            "tags": {
              "environment": "production"
            },
            "timeouts": {
              "create": null,
              "delete": null,
              "read": null,
              "update": null
            },
            "zones": []
          },
          "sensitive_attributes": [],
          "private": "eyJlMmJmYjczMC1lY2FhLTExZTYtOGY4OC0zNDM2M2JjN2M0YzAiOnsiY3JlYXRlIjoxODAwMDAwMDAwMDAwLCJkZWxldGUiOjE4MDAwMDAwMDAwMDAsInJlYWQiOjMwMDAwMDAwMDAwMCwidXBkYXRlIjoxODAwMDAwMDAwMDAwfSwic2NoZW1hX3ZlcnNpb24iOiIwIn0=",
          "dependencies": [
            "azurerm_resource_group.tak"
          ]
        }
      ]
    },
    {
      "mode": "managed",
      "type": "azurerm_public_ip",
      "name": "publicip0192c",
      "provider": "provider[\"registry.terraform.io/hashicorp/azurerm\"]",
      "instances": [
        {
          "schema_version": 0,
          "attributes": {
            "allocation_method": "Dynamic",
            "domain_name_label": null,
            "fqdn": null,
            "id": "/subscriptions/ed223ecd-b37b-40f8-91e0-3700864c3759/resourceGroups/my_terraform_CentOS_rg/providers/Microsoft.Network/publicIPAddresses/publicip0192c",
            "idle_timeout_in_minutes": 4,
            "ip_address": "13.73.184.42",
            "ip_tags": {},
            "ip_version": "IPv4",
            "location": "westeurope",
            "name": "publicip0192c",
            "public_ip_prefix_id": null,
            "resource_group_name": "my_terraform_CentOS_rg",
            "reverse_fqdn": null,
            "sku": "Basic",
            "tags": {
              "environment": "production"
            },
            "timeouts": {
              "create": null,
              "delete": null,
              "read": null,
              "update": null
            },
            "zones": []
          },
          "sensitive_attributes": [],
          "private": "eyJlMmJmYjczMC1lY2FhLTExZTYtOGY4OC0zNDM2M2JjN2M0YzAiOnsiY3JlYXRlIjoxODAwMDAwMDAwMDAwLCJkZWxldGUiOjE4MDAwMDAwMDAwMDAsInJlYWQiOjMwMDAwMDAwMDAwMCwidXBkYXRlIjoxODAwMDAwMDAwMDAwfSwic2NoZW1hX3ZlcnNpb24iOiIwIn0=",
          "dependencies": [
            "azurerm_resource_group.tak"
          ]
        }
      ]
    },
    {
      "mode": "managed",
      "type": "azurerm_public_ip",
      "name": "publicip019c",
      "provider": "provider[\"registry.terraform.io/hashicorp/azurerm\"]",
      "instances": [
        {
          "schema_version": 0,
          "attributes": {
            "allocation_method": "Dynamic",
            "domain_name_label": null,
            "fqdn": null,
            "id": "/subscriptions/ed223ecd-b37b-40f8-91e0-3700864c3759/resourceGroups/my_terraform_CentOS_rg/providers/Microsoft.Network/publicIPAddresses/publicip019c",
            "idle_timeout_in_minutes": 4,
            "ip_address": "13.81.26.46",
            "ip_tags": {},
            "ip_version": "IPv4",
            "location": "westeurope",
            "name": "publicip019c",
            "public_ip_prefix_id": null,
            "resource_group_name": "my_terraform_CentOS_rg",
            "reverse_fqdn": null,
            "sku": "Basic",
            "tags": {
              "environment": "production"
            },
            "timeouts": {
              "create": null,
              "delete": null,
              "read": null,
              "update": null
            },
            "zones": []
          },
          "sensitive_attributes": [],
          "private": "eyJlMmJmYjczMC1lY2FhLTExZTYtOGY4OC0zNDM2M2JjN2M0YzAiOnsiY3JlYXRlIjoxODAwMDAwMDAwMDAwLCJkZWxldGUiOjE4MDAwMDAwMDAwMDAsInJlYWQiOjMwMDAwMDAwMDAwMCwidXBkYXRlIjoxODAwMDAwMDAwMDAwfSwic2NoZW1hX3ZlcnNpb24iOiIwIn0=",
          "dependencies": [
            "azurerm_resource_group.tak"
          ]
        }
      ]
    },
    {
      "mode": "managed",
      "type": "azurerm_resource_group",
      "name": "rg",
      "provider": "provider[\"registry.terraform.io/hashicorp/azurerm\"]",
      "instances": [
        {
          "schema_version": 0,
          "attributes": {
            "id": "/subscriptions/ed223ecd-b37b-40f8-91e0-3700864c3759/resourceGroups/terraform-ansible-kubernetes",
            "location": "eastus",
            "name": "terraform-ansible-kubernetes",
            "tags": {},
            "timeouts": {
              "create": null,
              "delete": null,
              "read": null,
              "update": null
            }
          },
          "sensitive_attributes": [],
          "private": "eyJlMmJmYjczMC1lY2FhLTExZTYtOGY4OC0zNDM2M2JjN2M0YzAiOnsiY3JlYXRlIjo1NDAwMDAwMDAwMDAwLCJkZWxldGUiOjU0MDAwMDAwMDAwMDAsInJlYWQiOjMwMDAwMDAwMDAwMCwidXBkYXRlIjo1NDAwMDAwMDAwMDAwfSwic2NoZW1hX3ZlcnNpb24iOiIwIn0="
        }
      ]
    },
    {
      "mode": "managed",
      "type": "azurerm_resource_group",
      "name": "tak",
      "provider": "provider[\"registry.terraform.io/hashicorp/azurerm\"]",
      "instances": [
        {
          "schema_version": 0,
          "attributes": {
            "id": "/subscriptions/ed223ecd-b37b-40f8-91e0-3700864c3759/resourceGroups/my_terraform_CentOS_rg",
            "location": "westeurope",
            "name": "my_terraform_CentOS_rg",
            "tags": {
              "environment": "production"
            },
            "timeouts": {
              "create": null,
              "delete": null,
              "read": null,
              "update": null
            }
          },
          "sensitive_attributes": [],
          "private": "eyJlMmJmYjczMC1lY2FhLTExZTYtOGY4OC0zNDM2M2JjN2M0YzAiOnsiY3JlYXRlIjo1NDAwMDAwMDAwMDAwLCJkZWxldGUiOjU0MDAwMDAwMDAwMDAsInJlYWQiOjMwMDAwMDAwMDAwMCwidXBkYXRlIjo1NDAwMDAwMDAwMDAwfSwic2NoZW1hX3ZlcnNpb24iOiIwIn0="
        }
      ]
    },
    {
      "mode": "managed",
      "type": "azurerm_storage_account",
      "name": "storage",
      "provider": "provider[\"registry.terraform.io/hashicorp/azurerm\"]",
      "instances": [
        {
          "schema_version": 2,
          "attributes": {
            "access_tier": "Hot",
            "account_kind": "StorageV2",
            "account_replication_type": "LRS",
            "account_tier": "Standard",
            "allow_blob_public_access": false,
            "azure_files_authentication": [],
            "blob_properties": [
              {
                "change_feed_enabled": false,
                "container_delete_retention_policy": [],
                "cors_rule": [],
                "default_service_version": "",
                "delete_retention_policy": [],
                "last_access_time_enabled": false,
                "versioning_enabled": false
              }
            ],
            "custom_domain": [],
            "enable_https_traffic_only": true,
            "id": "/subscriptions/ed223ecd-b37b-40f8-91e0-3700864c3759/resourceGroups/my_terraform_CentOS_rg/providers/Microsoft.Storage/storageAccounts/diag36c9ea47765b022d",
            "identity": [],
            "is_hns_enabled": false,
            "large_file_share_enabled": null,
            "location": "westeurope",
            "min_tls_version": "TLS1_0",
            "name": "diag36c9ea47765b022d",
            "network_rules": [
              {
                "bypass": [
                  "AzureServices"
                ],
                "default_action": "Allow",
                "ip_rules": [],
                "private_link_access": [],
                "virtual_network_subnet_ids": []
              }
            ],
            "nfsv3_enabled": false,
            "primary_access_key": "AB3trrhDJfPP14rkaUq9XIDxWFDxBeYq0SPhdTUJTMit8i/dVY/sMJlc4FDWpq2Vc6dagjOjwFQseGKKsyERZA==",
            "primary_blob_connection_string": "DefaultEndpointsProtocol=https;BlobEndpoint=https://diag36c9ea47765b022d.blob.core.windows.net/;AccountName=diag36c9ea47765b022d;AccountKey=AB3trrhDJfPP14rkaUq9XIDxWFDxBeYq0SPhdTUJTMit8i/dVY/sMJlc4FDWpq2Vc6dagjOjwFQseGKKsyERZA==",
            "primary_blob_endpoint": "https://diag36c9ea47765b022d.blob.core.windows.net/",
            "primary_blob_host": "diag36c9ea47765b022d.blob.core.windows.net",
            "primary_connection_string": "DefaultEndpointsProtocol=https;AccountName=diag36c9ea47765b022d;AccountKey=AB3trrhDJfPP14rkaUq9XIDxWFDxBeYq0SPhdTUJTMit8i/dVY/sMJlc4FDWpq2Vc6dagjOjwFQseGKKsyERZA==;EndpointSuffix=core.windows.net",
            "primary_dfs_endpoint": "https://diag36c9ea47765b022d.dfs.core.windows.net/",
            "primary_dfs_host": "diag36c9ea47765b022d.dfs.core.windows.net",
            "primary_file_endpoint": "https://diag36c9ea47765b022d.file.core.windows.net/",
            "primary_file_host": "diag36c9ea47765b022d.file.core.windows.net",
            "primary_location": "westeurope",
            "primary_queue_endpoint": "https://diag36c9ea47765b022d.queue.core.windows.net/",
            "primary_queue_host": "diag36c9ea47765b022d.queue.core.windows.net",
            "primary_table_endpoint": "https://diag36c9ea47765b022d.table.core.windows.net/",
            "primary_table_host": "diag36c9ea47765b022d.table.core.windows.net",
            "primary_web_endpoint": "https://diag36c9ea47765b022d.z6.web.core.windows.net/",
            "primary_web_host": "diag36c9ea47765b022d.z6.web.core.windows.net",
            "queue_properties": [
              {
                "cors_rule": [],
                "hour_metrics": [
                  {
                    "enabled": true,
                    "include_apis": true,
                    "retention_policy_days": 7,
                    "version": "1.0"
                  }
                ],
                "logging": [
                  {
                    "delete": false,
                    "read": false,
                    "retention_policy_days": 0,
                    "version": "1.0",
                    "write": false
                  }
                ],
                "minute_metrics": [
                  {
                    "enabled": false,
                    "include_apis": false,
                    "retention_policy_days": 0,
                    "version": "1.0"
                  }
                ]
              }
            ],
            "resource_group_name": "my_terraform_CentOS_rg",
            "routing": [],
            "secondary_access_key": "e+OzfA+ytt8pkDv8ouuIA/O+xbvtwswxgwbu2u5x9oGnRWGLuE6yCrRgvG3MVY7mFmSd1634KSUcSX0JUJ1T+g==",
            "secondary_blob_connection_string": "",
            "secondary_blob_endpoint": null,
            "secondary_blob_host": null,
            "secondary_connection_string": "DefaultEndpointsProtocol=https;AccountName=diag36c9ea47765b022d;AccountKey=e+OzfA+ytt8pkDv8ouuIA/O+xbvtwswxgwbu2u5x9oGnRWGLuE6yCrRgvG3MVY7mFmSd1634KSUcSX0JUJ1T+g==;EndpointSuffix=core.windows.net",
            "secondary_dfs_endpoint": null,
            "secondary_dfs_host": null,
            "secondary_file_endpoint": null,
            "secondary_file_host": null,
            "secondary_location": "",
            "secondary_queue_endpoint": null,
            "secondary_queue_host": null,
            "secondary_table_endpoint": null,
            "secondary_table_host": null,
            "secondary_web_endpoint": null,
            "secondary_web_host": null,
            "static_website": [],
            "tags": {
              "environment": "production"
            },
            "timeouts": {
              "create": null,
              "delete": null,
              "read": null,
              "update": null
            }
          },
          "sensitive_attributes": [],
          "private": "eyJlMmJmYjczMC1lY2FhLTExZTYtOGY4OC0zNDM2M2JjN2M0YzAiOnsiY3JlYXRlIjozNjAwMDAwMDAwMDAwLCJkZWxldGUiOjM2MDAwMDAwMDAwMDAsInJlYWQiOjMwMDAwMDAwMDAwMCwidXBkYXRlIjozNjAwMDAwMDAwMDAwfSwic2NoZW1hX3ZlcnNpb24iOiIyIn0=",
          "dependencies": [
            "azurerm_resource_group.tak"
          ]
        }
      ]
    },
    {
      "mode": "managed",
      "type": "azurerm_storage_account",
      "name": "storage1",
      "provider": "provider[\"registry.terraform.io/hashicorp/azurerm\"]",
      "instances": [
        {
          "schema_version": 2,
          "attributes": {
            "access_tier": "Hot",
            "account_kind": "StorageV2",
            "account_replication_type": "LRS",
            "account_tier": "Standard",
            "allow_blob_public_access": false,
            "azure_files_authentication": [],
            "blob_properties": [
              {
                "change_feed_enabled": false,
                "container_delete_retention_policy": [],
                "cors_rule": [],
                "default_service_version": "",
                "delete_retention_policy": [],
                "last_access_time_enabled": false,
                "versioning_enabled": false
              }
            ],
            "custom_domain": [],
            "enable_https_traffic_only": true,
            "id": "/subscriptions/ed223ecd-b37b-40f8-91e0-3700864c3759/resourceGroups/my_terraform_CentOS_rg/providers/Microsoft.Storage/storageAccounts/alt12345678c",
            "identity": [],
            "is_hns_enabled": false,
            "large_file_share_enabled": null,
            "location": "westeurope",
            "min_tls_version": "TLS1_0",
            "name": "alt12345678c",
            "network_rules": [
              {
                "bypass": [
                  "AzureServices"
                ],
                "default_action": "Allow",
                "ip_rules": [],
                "private_link_access": [],
                "virtual_network_subnet_ids": []
              }
            ],
            "nfsv3_enabled": false,
            "primary_access_key": "6z2pocQTtHnIMGyn6WwrQdrWHSVeyh9SHfn7SkudLdrweXiPnMYlB/sW1hOfYcdnFP8HoABBNVvrBpniGEBEEg==",
            "primary_blob_connection_string": "DefaultEndpointsProtocol=https;BlobEndpoint=https://alt12345678c.blob.core.windows.net/;AccountName=alt12345678c;AccountKey=6z2pocQTtHnIMGyn6WwrQdrWHSVeyh9SHfn7SkudLdrweXiPnMYlB/sW1hOfYcdnFP8HoABBNVvrBpniGEBEEg==",
            "primary_blob_endpoint": "https://alt12345678c.blob.core.windows.net/",
            "primary_blob_host": "alt12345678c.blob.core.windows.net",
            "primary_connection_string": "DefaultEndpointsProtocol=https;AccountName=alt12345678c;AccountKey=6z2pocQTtHnIMGyn6WwrQdrWHSVeyh9SHfn7SkudLdrweXiPnMYlB/sW1hOfYcdnFP8HoABBNVvrBpniGEBEEg==;EndpointSuffix=core.windows.net",
            "primary_dfs_endpoint": "https://alt12345678c.dfs.core.windows.net/",
            "primary_dfs_host": "alt12345678c.dfs.core.windows.net",
            "primary_file_endpoint": "https://alt12345678c.file.core.windows.net/",
            "primary_file_host": "alt12345678c.file.core.windows.net",
            "primary_location": "westeurope",
            "primary_queue_endpoint": "https://alt12345678c.queue.core.windows.net/",
            "primary_queue_host": "alt12345678c.queue.core.windows.net",
            "primary_table_endpoint": "https://alt12345678c.table.core.windows.net/",
            "primary_table_host": "alt12345678c.table.core.windows.net",
            "primary_web_endpoint": "https://alt12345678c.z6.web.core.windows.net/",
            "primary_web_host": "alt12345678c.z6.web.core.windows.net",
            "queue_properties": [
              {
                "cors_rule": [],
                "hour_metrics": [
                  {
                    "enabled": true,
                    "include_apis": true,
                    "retention_policy_days": 7,
                    "version": "1.0"
                  }
                ],
                "logging": [
                  {
                    "delete": false,
                    "read": false,
                    "retention_policy_days": 0,
                    "version": "1.0",
                    "write": false
                  }
                ],
                "minute_metrics": [
                  {
                    "enabled": false,
                    "include_apis": false,
                    "retention_policy_days": 0,
                    "version": "1.0"
                  }
                ]
              }
            ],
            "resource_group_name": "my_terraform_CentOS_rg",
            "routing": [],
            "secondary_access_key": "i11WBT5akbQV9Rl9Xq9+mhHKeopmm9V9b4YM8+oDpDHHsmD/R0WXxZSaVZQ058jMwAB5cerZOWc+LOFbGAxkrg==",
            "secondary_blob_connection_string": "",
            "secondary_blob_endpoint": null,
            "secondary_blob_host": null,
            "secondary_connection_string": "DefaultEndpointsProtocol=https;AccountName=alt12345678c;AccountKey=i11WBT5akbQV9Rl9Xq9+mhHKeopmm9V9b4YM8+oDpDHHsmD/R0WXxZSaVZQ058jMwAB5cerZOWc+LOFbGAxkrg==;EndpointSuffix=core.windows.net",
            "secondary_dfs_endpoint": null,
            "secondary_dfs_host": null,
            "secondary_file_endpoint": null,
            "secondary_file_host": null,
            "secondary_location": "",
            "secondary_queue_endpoint": null,
            "secondary_queue_host": null,
            "secondary_table_endpoint": null,
            "secondary_table_host": null,
            "secondary_web_endpoint": null,
            "secondary_web_host": null,
            "static_website": [],
            "tags": {
              "environment": "production"
            },
            "timeouts": {
              "create": null,
              "delete": null,
              "read": null,
              "update": null
            }
          },
          "sensitive_attributes": [],
          "private": "eyJlMmJmYjczMC1lY2FhLTExZTYtOGY4OC0zNDM2M2JjN2M0YzAiOnsiY3JlYXRlIjozNjAwMDAwMDAwMDAwLCJkZWxldGUiOjM2MDAwMDAwMDAwMDAsInJlYWQiOjMwMDAwMDAwMDAwMCwidXBkYXRlIjozNjAwMDAwMDAwMDAwfSwic2NoZW1hX3ZlcnNpb24iOiIyIn0=",
          "dependencies": [
            "azurerm_resource_group.tak"
          ]
        }
      ]
    },
    {
      "mode": "managed",
      "type": "azurerm_storage_account",
      "name": "storage2",
      "provider": "provider[\"registry.terraform.io/hashicorp/azurerm\"]",
      "instances": [
        {
          "schema_version": 2,
          "attributes": {
            "access_tier": "Hot",
            "account_kind": "StorageV2",
            "account_replication_type": "LRS",
            "account_tier": "Standard",
            "allow_blob_public_access": false,
            "azure_files_authentication": [],
            "blob_properties": [
              {
                "change_feed_enabled": false,
                "container_delete_retention_policy": [],
                "cors_rule": [],
                "default_service_version": "",
                "delete_retention_policy": [],
                "last_access_time_enabled": false,
                "versioning_enabled": false
              }
            ],
            "custom_domain": [],
            "enable_https_traffic_only": true,
            "id": "/subscriptions/ed223ecd-b37b-40f8-91e0-3700864c3759/resourceGroups/my_terraform_CentOS_rg/providers/Microsoft.Storage/storageAccounts/alt123456782c",
            "identity": [],
            "is_hns_enabled": false,
            "large_file_share_enabled": null,
            "location": "westeurope",
            "min_tls_version": "TLS1_0",
            "name": "alt123456782c",
            "network_rules": [
              {
                "bypass": [
                  "AzureServices"
                ],
                "default_action": "Allow",
                "ip_rules": [],
                "private_link_access": [],
                "virtual_network_subnet_ids": []
              }
            ],
            "nfsv3_enabled": false,
            "primary_access_key": "v3t9MCTue0QKvVYWI7hRFTxJ0uQ45zUVjpFRlRAe3wXBjGj2oQ4t0bX0mnszlJ/N1XMJcnfvErKxOvKkPpbFOQ==",
            "primary_blob_connection_string": "DefaultEndpointsProtocol=https;BlobEndpoint=https://alt123456782c.blob.core.windows.net/;AccountName=alt123456782c;AccountKey=v3t9MCTue0QKvVYWI7hRFTxJ0uQ45zUVjpFRlRAe3wXBjGj2oQ4t0bX0mnszlJ/N1XMJcnfvErKxOvKkPpbFOQ==",
            "primary_blob_endpoint": "https://alt123456782c.blob.core.windows.net/",
            "primary_blob_host": "alt123456782c.blob.core.windows.net",
            "primary_connection_string": "DefaultEndpointsProtocol=https;AccountName=alt123456782c;AccountKey=v3t9MCTue0QKvVYWI7hRFTxJ0uQ45zUVjpFRlRAe3wXBjGj2oQ4t0bX0mnszlJ/N1XMJcnfvErKxOvKkPpbFOQ==;EndpointSuffix=core.windows.net",
            "primary_dfs_endpoint": "https://alt123456782c.dfs.core.windows.net/",
            "primary_dfs_host": "alt123456782c.dfs.core.windows.net",
            "primary_file_endpoint": "https://alt123456782c.file.core.windows.net/",
            "primary_file_host": "alt123456782c.file.core.windows.net",
            "primary_location": "westeurope",
            "primary_queue_endpoint": "https://alt123456782c.queue.core.windows.net/",
            "primary_queue_host": "alt123456782c.queue.core.windows.net",
            "primary_table_endpoint": "https://alt123456782c.table.core.windows.net/",
            "primary_table_host": "alt123456782c.table.core.windows.net",
            "primary_web_endpoint": "https://alt123456782c.z6.web.core.windows.net/",
            "primary_web_host": "alt123456782c.z6.web.core.windows.net",
            "queue_properties": [
              {
                "cors_rule": [],
                "hour_metrics": [
                  {
                    "enabled": true,
                    "include_apis": true,
                    "retention_policy_days": 7,
                    "version": "1.0"
                  }
                ],
                "logging": [
                  {
                    "delete": false,
                    "read": false,
                    "retention_policy_days": 0,
                    "version": "1.0",
                    "write": false
                  }
                ],
                "minute_metrics": [
                  {
                    "enabled": false,
                    "include_apis": false,
                    "retention_policy_days": 0,
                    "version": "1.0"
                  }
                ]
              }
            ],
            "resource_group_name": "my_terraform_CentOS_rg",
            "routing": [],
            "secondary_access_key": "xrzbdH9dvkBafrIPavH+tOsPZ/ZmgpenRJen1R4H+qthD8dl1CwaRxhxGLXjbEQswCgthiCdI8vIS1DAT8Hgaw==",
            "secondary_blob_connection_string": "",
            "secondary_blob_endpoint": null,
            "secondary_blob_host": null,
            "secondary_connection_string": "DefaultEndpointsProtocol=https;AccountName=alt123456782c;AccountKey=xrzbdH9dvkBafrIPavH+tOsPZ/ZmgpenRJen1R4H+qthD8dl1CwaRxhxGLXjbEQswCgthiCdI8vIS1DAT8Hgaw==;EndpointSuffix=core.windows.net",
            "secondary_dfs_endpoint": null,
            "secondary_dfs_host": null,
            "secondary_file_endpoint": null,
            "secondary_file_host": null,
            "secondary_location": "",
            "secondary_queue_endpoint": null,
            "secondary_queue_host": null,
            "secondary_table_endpoint": null,
            "secondary_table_host": null,
            "secondary_web_endpoint": null,
            "secondary_web_host": null,
            "static_website": [],
            "tags": {
              "environment": "production"
            },
            "timeouts": {
              "create": null,
              "delete": null,
              "read": null,
              "update": null
            }
          },
          "sensitive_attributes": [],
          "private": "eyJlMmJmYjczMC1lY2FhLTExZTYtOGY4OC0zNDM2M2JjN2M0YzAiOnsiY3JlYXRlIjozNjAwMDAwMDAwMDAwLCJkZWxldGUiOjM2MDAwMDAwMDAwMDAsInJlYWQiOjMwMDAwMDAwMDAwMCwidXBkYXRlIjozNjAwMDAwMDAwMDAwfSwic2NoZW1hX3ZlcnNpb24iOiIyIn0=",
          "dependencies": [
            "azurerm_resource_group.tak"
          ]
        }
      ]
    },
    {
      "mode": "managed",
      "type": "azurerm_subnet",
      "name": "subnet019",
      "provider": "provider[\"registry.terraform.io/hashicorp/azurerm\"]",
      "instances": [
        {
          "schema_version": 0,
          "attributes": {
            "address_prefix": "10.0.1.0/24",
            "address_prefixes": [
              "10.0.1.0/24"
            ],
            "delegation": [],
            "enforce_private_link_endpoint_network_policies": false,
            "enforce_private_link_service_network_policies": false,
            "id": "/subscriptions/ed223ecd-b37b-40f8-91e0-3700864c3759/resourceGroups/my_terraform_CentOS_rg/providers/Microsoft.Network/virtualNetworks/vnetprod019/subnets/subnet019",
            "name": "subnet019",
            "resource_group_name": "my_terraform_CentOS_rg",
            "service_endpoint_policy_ids": [],
            "service_endpoints": [],
            "timeouts": {
              "create": null,
              "delete": null,
              "read": null,
              "update": null
            },
            "virtual_network_name": "vnetprod019"
          },
          "sensitive_attributes": [],
          "private": "eyJlMmJmYjczMC1lY2FhLTExZTYtOGY4OC0zNDM2M2JjN2M0YzAiOnsiY3JlYXRlIjoxODAwMDAwMDAwMDAwLCJkZWxldGUiOjE4MDAwMDAwMDAwMDAsInJlYWQiOjMwMDAwMDAwMDAwMCwidXBkYXRlIjoxODAwMDAwMDAwMDAwfSwic2NoZW1hX3ZlcnNpb24iOiIwIn0=",
          "dependencies": [
            "azurerm_resource_group.tak",
            "azurerm_virtual_network.vnetprod019"
          ]
        }
      ]
    },
    {
      "mode": "managed",
      "type": "azurerm_virtual_network",
      "name": "vnetprod019",
      "provider": "provider[\"registry.terraform.io/hashicorp/azurerm\"]",
      "instances": [
        {
          "schema_version": 0,
          "attributes": {
            "address_space": [
              "10.0.0.0/16"
            ],
            "bgp_community": "",
            "ddos_protection_plan": [],
            "dns_servers": [],
            "guid": "7a7b2866-d202-4441-9447-7e0f9b996570",
            "id": "/subscriptions/ed223ecd-b37b-40f8-91e0-3700864c3759/resourceGroups/my_terraform_CentOS_rg/providers/Microsoft.Network/virtualNetworks/vnetprod019",
            "location": "westeurope",
            "name": "vnetprod019",
            "resource_group_name": "my_terraform_CentOS_rg",
            "subnet": [
              {
                "address_prefix": "10.0.1.0/24",
                "id": "/subscriptions/ed223ecd-b37b-40f8-91e0-3700864c3759/resourceGroups/my_terraform_CentOS_rg/providers/Microsoft.Network/virtualNetworks/vnetprod019/subnets/subnet019",
                "name": "subnet019",
                "security_group": ""
              }
            ],
            "tags": {
              "environment": "production"
            },
            "timeouts": {
              "create": null,
              "delete": null,
              "read": null,
              "update": null
            },
            "vm_protection_enabled": false
          },
          "sensitive_attributes": [],
          "private": "eyJlMmJmYjczMC1lY2FhLTExZTYtOGY4OC0zNDM2M2JjN2M0YzAiOnsiY3JlYXRlIjoxODAwMDAwMDAwMDAwLCJkZWxldGUiOjE4MDAwMDAwMDAwMDAsInJlYWQiOjMwMDAwMDAwMDAwMCwidXBkYXRlIjoxODAwMDAwMDAwMDAwfSwic2NoZW1hX3ZlcnNpb24iOiIwIn0=",
          "dependencies": [
            "azurerm_resource_group.tak"
          ]
        }
      ]
    },
    {
      "mode": "managed",
      "type": "null_resource",
      "name": "master_nodes",
      "provider": "provider[\"registry.terraform.io/hashicorp/null\"]",
      "instances": [
        {
          "status": "tainted",
          "schema_version": 0,
          "attributes": {
            "id": "7918634158297922928",
            "triggers": null
          },
          "sensitive_attributes": [],
          "private": "bnVsbA=="
        }
      ]
    }
  ]
}
